// !$*UTF8*$!
{
	archiveVersion = 1;
	classes = {
	};
	objectVersion = 77;
	objects = {

/* Begin PBXContainerItemProxy section */
		5C9CD03C2E29418B003DC6B3 /* PBXContainerItemProxy */ = {
			isa = PBXContainerItemProxy;
			containerPortal = 5C9CD0262E294188003DC6B3 /* Project object */;
			proxyType = 1;
			remoteGlobalIDString = 5C9CD02D2E294188003DC6B3;
			remoteInfo = "vibe-video";
		};
		5C9CD0462E29418B003DC6B3 /* PBXContainerItemProxy */ = {
			isa = PBXContainerItemProxy;
			containerPortal = 5C9CD0262E294188003DC6B3 /* Project object */;
			proxyType = 1;
			remoteGlobalIDString = 5C9CD02D2E294188003DC6B3;
			remoteInfo = "vibe-video";
		};
/* End PBXContainerItemProxy section */

/* Begin PBXFileReference section */
		5C9CD02E2E294188003DC6B3 /* vibe-video.app */ = {isa = PBXFileReference; explicitFileType = wrapper.application; includeInIndex = 0; path = "vibe-video.app"; sourceTree = BUILT_PRODUCTS_DIR; };
		5C9CD03B2E29418B003DC6B3 /* vibe-videoTests.xctest */ = {isa = PBXFileReference; explicitFileType = wrapper.cfbundle; includeInIndex = 0; path = "vibe-videoTests.xctest"; sourceTree = BUILT_PRODUCTS_DIR; };
		5C9CD0452E29418B003DC6B3 /* vibe-videoUITests.xctest */ = {isa = PBXFileReference; explicitFileType = wrapper.cfbundle; includeInIndex = 0; path = "vibe-videoUITests.xctest"; sourceTree = BUILT_PRODUCTS_DIR; };
/* End PBXFileReference section */

/* Begin PBXFileSystemSynchronizedRootGroup section */
		5C9CD03E2E29418B003DC6B3 /* vibe-videoTests */ = {
			isa = PBXFileSystemSynchronizedRootGroup;
			path = "vibe-videoTests";
			sourceTree = "<group>";
		};
		5C9CD0482E29418B003DC6B3 /* vibe-videoUITests */ = {
			isa = PBXFileSystemSynchronizedRootGroup;
			path = "vibe-videoUITests";
			sourceTree = "<group>";
		};
/* End PBXFileSystemSynchronizedRootGroup section */

/* Begin PBXFrameworksBuildPhase section */
		5C9CD02B2E294188003DC6B3 /* Frameworks */ = {
			isa = PBXFrameworksBuildPhase;
			buildActionMask = 2147483647;
			files = (
			);
			runOnlyForDeploymentPostprocessing = 0;
		};
		5C9CD0382E29418B003DC6B3 /* Frameworks */ = {
			isa = PBXFrameworksBuildPhase;
			buildActionMask = 2147483647;
			files = (
			);
			runOnlyForDeploymentPostprocessing = 0;
		};
		5C9CD0422E29418B003DC6B3 /* Frameworks */ = {
			isa = PBXFrameworksBuildPhase;
			buildActionMask = 2147483647;
			files = (
			);
			runOnlyForDeploymentPostprocessing = 0;
		};
/* End PBXFrameworksBuildPhase section */

/* Begin PBXGroup section */
		5C9CD0252E294188003DC6B3 = {
			isa = PBXGroup;
			children = (
				5C9CD03E2E29418B003DC6B3 /* vibe-videoTests */,
				5C9CD0482E29418B003DC6B3 /* vibe-videoUITests */,
				5C9CD02F2E294188003DC6B3 /* Products */,
			);
			sourceTree = "<group>";
		};
		5C9CD02F2E294188003DC6B3 /* Products */ = {
			isa = PBXGroup;
			children = (
				5C9CD02E2E294188003DC6B3 /* vibe-video.app */,
				5C9CD03B2E29418B003DC6B3 /* vibe-videoTests.xctest */,
				5C9CD0452E29418B003DC6B3 /* vibe-videoUITests.xctest */,
			);
			name = Products;
			sourceTree = "<group>";
		};
/* End PBXGroup section */

/* Begin PBXNativeTarget section */
		5C9CD02D2E294188003DC6B3 /* vibe-video */ = {
			isa = PBXNativeTarget;
			buildConfigurationList = 5C9CD04F2E29418B003DC6B3 /* Build configuration list for PBXNativeTarget "vibe-video" */;
			buildPhases = (
				5C9CD02A2E294188003DC6B3 /* Sources */,
				5C9CD02B2E294188003DC6B3 /* Frameworks */,
				5C9CD02C2E294188003DC6B3 /* Resources */,
			);
			buildRules = (
			);
			dependencies = (
			);
			name = "vibe-video";
			packageProductDependencies = (
			);
			productName = "vibe-video";
			productReference = 5C9CD02E2E294188003DC6B3 /* vibe-video.app */;
			productType = "com.apple.product-type.application";
		};
		5C9CD03A2E29418B003DC6B3 /* vibe-videoTests */ = {
			isa = PBXNativeTarget;
			buildConfigurationList = 5C9CD0522E29418B003DC6B3 /* Build configuration list for PBXNativeTarget "vibe-videoTests" */;
			buildPhases = (
				5C9CD0372E29418B003DC6B3 /* Sources */,
				5C9CD0382E29418B003DC6B3 /* Frameworks */,
				5C9CD0392E29418B003DC6B3 /* Resources */,
			);
			buildRules = (
			);
			dependencies = (
				5C9CD03D2E29418B003DC6B3 /* PBXTargetDependency */,
			);
			fileSystemSynchronizedGroups = (
				5C9CD03E2E29418B003DC6B3 /* vibe-videoTests */,
			);
			name = "vibe-videoTests";
			packageProductDependencies = (
			);
			productName = "vibe-videoTests";
			productReference = 5C9CD03B2E29418B003DC6B3 /* vibe-videoTests.xctest */;
			productType = "com.apple.product-type.bundle.unit-test";
		};
		5C9CD0442E29418B003DC6B3 /* vibe-videoUITests */ = {
			isa = PBXNativeTarget;
			buildConfigurationList = 5C9CD0552E29418B003DC6B3 /* Build configuration list for PBXNativeTarget "vibe-videoUITests" */;
			buildPhases = (
				5C9CD0412E29418B003DC6B3 /* Sources */,
				5C9CD0422E29418B003DC6B3 /* Frameworks */,
				5C9CD0432E29418B003DC6B3 /* Resources */,
			);
			buildRules = (
			);
			dependencies = (
				5C9CD0472E29418B003DC6B3 /* PBXTargetDependency */,
			);
			fileSystemSynchronizedGroups = (
				5C9CD0482E29418B003DC6B3 /* vibe-videoUITests */,
			);
			name = "vibe-videoUITests";
			packageProductDependencies = (
			);
			productName = "vibe-videoUITests";
			productReference = 5C9CD0452E29418B003DC6B3 /* vibe-videoUITests.xctest */;
			productType = "com.apple.product-type.bundle.ui-testing";
		};
/* End PBXNativeTarget section */

/* Begin PBXProject section */
		5C9CD0262E294188003DC6B3 /* Project object */ = {
			isa = PBXProject;
			attributes = {
				BuildIndependentTargetsInParallel = 1;
				LastSwiftUpdateCheck = 1640;
				LastUpgradeCheck = 1640;
				TargetAttributes = {
					5C9CD02D2E294188003DC6B3 = {
						CreatedOnToolsVersion = 16.4;
					};
					5C9CD03A2E29418B003DC6B3 = {
						CreatedOnToolsVersion = 16.4;
						TestTargetID = 5C9CD02D2E294188003DC6B3;
					};
					5C9CD0442E29418B003DC6B3 = {
						CreatedOnToolsVersion = 16.4;
						TestTargetID = 5C9CD02D2E294188003DC6B3;
					};
				};
			};
			buildConfigurationList = 5C9CD0292E294188003DC6B3 /* Build configuration list for PBXProject "vibe-video" */;
			developmentRegion = en;
			hasScannedForEncodings = 0;
			knownRegions = (
				en,
				Base,
			);
			mainGroup = 5C9CD0252E294188003DC6B3;
			minimizedProjectReferenceProxies = 1;
			preferredProjectObjectVersion = 77;
			productRefGroup = 5C9CD02F2E294188003DC6B3 /* Products */;
			projectDirPath = "";
			projectRoot = "";
			targets = (
				5C9CD02D2E294188003DC6B3 /* vibe-video */,
				5C9CD03A2E29418B003DC6B3 /* vibe-videoTests */,
				5C9CD0442E29418B003DC6B3 /* vibe-videoUITests */,
			);
		};
/* End PBXProject section */

/* Begin PBXResourcesBuildPhase section */
		5C9CD02C2E294188003DC6B3 /* Resources */ = {
			isa = PBXResourcesBuildPhase;
			buildActionMask = 2147483647;
			files = (
			);
			runOnlyForDeploymentPostprocessing = 0;
		};
		5C9CD0392E29418B003DC6B3 /* Resources */ = {
			isa = PBXResourcesBuildPhase;
			buildActionMask = 2147483647;
			files = (
			);
			runOnlyForDeploymentPostprocessing = 0;
		};
		5C9CD0432E29418B003DC6B3 /* Resources */ = {
			isa = PBXResourcesBuildPhase;
			buildActionMask = 2147483647;
			files = (
			);
			runOnlyForDeploymentPostprocessing = 0;
		};
/* End PBXResourcesBuildPhase section */

/* Begin PBXSourcesBuildPhase section */
		5C9CD02A2E294188003DC6B3 /* Sources */ = {
			isa = PBXSourcesBuildPhase;
			buildActionMask = 2147483647;
			files = (
			);
			runOnlyForDeploymentPostprocessing = 0;
		};
		5C9CD0372E29418B003DC6B3 /* Sources */ = {
			isa = PBXSourcesBuildPhase;
			buildActionMask = 2147483647;
			files = (
			);
			runOnlyForDeploymentPostprocessing = 0;
		};
		5C9CD0412E29418B003DC6B3 /* Sources */ = {
			isa = PBXSourcesBuildPhase;
			buildActionMask = 2147483647;
			files = (
			);
			runOnlyForDeploymentPostprocessing = 0;
		};
/* End PBXSourcesBuildPhase section */

/* Begin PBXTargetDependency section */
		5C9CD03D2E29418B003DC6B3 /* PBXTargetDependency */ = {
			isa = PBXTargetDependency;
			target = 5C9CD02D2E294188003DC6B3 /* vibe-video */;
			targetProxy = 5C9CD03C2E29418B003DC6B3 /* PBXContainerItemProxy */;
		};
		5C9CD0472E29418B003DC6B3 /* PBXTargetDependency */ = {
			isa = PBXTargetDependency;
			target = 5C9CD02D2E294188003DC6B3 /* vibe-video */;
			targetProxy = 5C9CD0462E29418B003DC6B3 /* PBXContainerItemProxy */;
		};
/* End PBXTargetDependency section */

/* Begin XCBuildConfiguration section */
		5C9CD04D2E29418B003DC6B3 /* Debug */ = {
			isa = XCBuildConfiguration;
			buildSettings = {
				ALWAYS_SEARCH_USER_PATHS = NO;
				ASSETCATALOG_COMPILER_GENERATE_SWIFT_ASSET_SYMBOL_EXTENSIONS = YES;
				CLANG_ANALYZER_NONNULL = YES;
				CLANG_ANALYZER_NUMBER_OBJECT_CONVERSION = YES_AGGRESSIVE;
				CLANG_CXX_LANGUAGE_STANDARD = "gnu++20";
				CLANG_ENABLE_MODULES = YES;
				CLANG_ENABLE_OBJC_ARC = YES;
				CLANG_ENABLE_OBJC_WEAK = YES;
				CLANG_WARN_BLOCK_CAPTURE_AUTORELEASING = YES;
				CLANG_WARN_BOOL_CONVERSION = YES;
				CLANG_WARN_COMMA = YES;
				CLANG_WARN_CONSTANT_CONVERSION = YES;
				CLANG_WARN_DEPRECATED_OBJC_IMPLEMENTATIONS = YES;
				CLANG_WARN_DIRECT_OBJC_ISA_USAGE = YES_ERROR;
				CLANG_WARN_DOCUMENTATION_COMMENTS = YES;
				CLANG_WARN_EMPTY_BODY = YES;
				CLANG_WARN_ENUM_CONVERSION = YES;
				CLANG_WARN_INFINITE_RECURSION = YES;
				CLANG_WARN_INT_CONVERSION = YES;
				CLANG_WARN_NON_LITERAL_NULL_CONVERSION = YES;
				CLANG_WARN_OBJC_IMPLICIT_RETAIN_SELF = YES;
				CLANG_WARN_OBJC_LITERAL_CONVERSION = YES;
				CLANG_WARN_OBJC_ROOT_CLASS = YES_ERROR;
				CLANG_WARN_QUOTED_INCLUDE_IN_FRAMEWORK_HEADER = YES;
				CLANG_WARN_RANGE_LOOP_ANALYSIS = YES;
				CLANG_WARN_STRICT_PROTOTYPES = YES;
				CLANG_WARN_SUSPICIOUS_MOVE = YES;
				CLANG_WARN_UNGUARDED_AVAILABILITY = YES_AGGRESSIVE;
				CLANG_WARN_UNREACHABLE_CODE = YES;
				CLANG_WARN__DUPLICATE_METHOD_MATCH = YES;
				COPY_PHASE_STRIP = NO;
				DEBUG_INFORMATION_FORMAT = dwarf;
				ENABLE_STRICT_OBJC_MSGSEND = YES;
				ENABLE_TESTABILITY = YES;
				ENABLE_USER_SCRIPT_SANDBOXING = YES;
				GCC_C_LANGUAGE_STANDARD = gnu17;
				GCC_DYNAMIC_NO_PIC = NO;
				GCC_NO_COMMON_BLOCKS = YES;
				GCC_OPTIMIZATION_LEVEL = 0;
				GCC_PREPROCESSOR_DEFINITIONS = (
					"DEBUG=1",
					"$(inherited)",
				);
				GCC_WARN_64_TO_32_BIT_CONVERSION = YES;
				GCC_WARN_ABOUT_RETURN_TYPE = YES_ERROR;
				GCC_WARN_UNDECLARED_SELECTOR = YES;
				GCC_WARN_UNINITIALIZED_AUTOS = YES_AGGRESSIVE;
				GCC_WARN_UNUSED_FUNCTION = YES;
				GCC_WARN_UNUSED_VARIABLE = YES;
				IPHONEOS_DEPLOYMENT_TARGET = 18.5;
				LOCALIZATION_PREFERS_STRING_CATALOGS = YES;
				MTL_ENABLE_DEBUG_INFO = INCLUDE_SOURCE;
				MTL_FAST_MATH = YES;
				ONLY_ACTIVE_ARCH = YES;
				SDKROOT = iphoneos;
				SWIFT_ACTIVE_COMPILATION_CONDITIONS = "DEBUG $(inherited)";
				SWIFT_OPTIMIZATION_LEVEL = "-Onone";
			};
			name = Debug;
		};
		5C9CD04E2E29418B003DC6B3 /* Release */ = {
			isa = XCBuildConfiguration;
			buildSettings = {
				ALWAYS_SEARCH_USER_PATHS = NO;
				ASSETCATALOG_COMPILER_GENERATE_SWIFT_ASSET_SYMBOL_EXTENSIONS = YES;
				CLANG_ANALYZER_NONNULL = YES;
				CLANG_ANALYZER_NUMBER_OBJECT_CONVERSION = YES_AGGRESSIVE;
				CLANG_CXX_LANGUAGE_STANDARD = "gnu++20";
				CLANG_ENABLE_MODULES = YES;
				CLANG_ENABLE_OBJC_ARC = YES;
				CLANG_ENABLE_OBJC_WEAK = YES;
				CLANG_WARN_BLOCK_CAPTURE_AUTORELEASING = YES;
				CLANG_WARN_BOOL_CONVERSION = YES;
				CLANG_WARN_COMMA = YES;
				CLANG_WARN_CONSTANT_CONVERSION = YES;
				CLANG_WARN_DEPRECATED_OBJC_IMPLEMENTATIONS = YES;
				CLANG_WARN_DIRECT_OBJC_ISA_USAGE = YES_ERROR;
				CLANG_WARN_DOCUMENTATION_COMMENTS = YES;
				CLANG_WARN_EMPTY_BODY = YES;
				CLANG_WARN_ENUM_CONVERSION = YES;
				CLANG_WARN_INFINITE_RECURSION = YES;
				CLANG_WARN_INT_CONVERSION = YES;
				CLANG_WARN_NON_LITERAL_NULL_CONVERSION = YES;
				CLANG_WARN_OBJC_IMPLICIT_RETAIN_SELF = YES;
				CLANG_WARN_OBJC_LITERAL_CONVERSION = YES;
				CLANG_WARN_OBJC_ROOT_CLASS = YES_ERROR;
				CLANG_WARN_QUOTED_INCLUDE_IN_FRAMEWORK_HEADER = YES;
				CLANG_WARN_RANGE_LOOP_ANALYSIS = YES;
				CLANG_WARN_STRICT_PROTOTYPES = YES;
				CLANG_WARN_SUSPICIOUS_MOVE = YES;
				CLANG_WARN_UNGUARDED_AVAILABILITY = YES_AGGRESSIVE;
				CLANG_WARN_UNREACHABLE_CODE = YES;
				CLANG_WARN__DUPLICATE_METHOD_MATCH = YES;
				COPY_PHASE_STRIP = NO;
				DEBUG_INFORMATION_FORMAT = "dwarf-with-dsym";
				ENABLE_NS_ASSERTIONS = NO;
				ENABLE_STRICT_OBJC_MSGSEND = YES;
				ENABLE_USER_SCRIPT_SANDBOXING = YES;
				GCC_C_LANGUAGE_STANDARD = gnu17;
				GCC_NO_COMMON_BLOCKS = YES;
				GCC_WARN_64_TO_32_BIT_CONVERSION = YES;
				GCC_WARN_ABOUT_RETURN_TYPE = YES_ERROR;
				GCC_WARN_UNDECLARED_SELECTOR = YES;
				GCC_WARN_UNINITIALIZED_AUTOS = YES_AGGRESSIVE;
				GCC_WARN_UNUSED_FUNCTION = YES;
				GCC_WARN_UNUSED_VARIABLE = YES;
				IPHONEOS_DEPLOYMENT_TARGET = 18.5;
				LOCALIZATION_PREFERS_STRING_CATALOGS = YES;
				MTL_ENABLE_DEBUG_INFO = NO;
				MTL_FAST_MATH = YES;
				SDKROOT = iphoneos;
				SWIFT_COMPILATION_MODE = wholemodule;
				VALIDATE_PRODUCT = YES;
			};
			name = Release;
		};
		5C9CD0502E29418B003DC6B3 /* Debug */ = {
			isa = XCBuildConfiguration;
			buildSettings = {
				ASSETCATALOG_COMPILER_APPICON_NAME = AppIcon;
				ASSETCATALOG_COMPILER_GLOBAL_ACCENT_COLOR_NAME = AccentColor;
				CODE_SIGN_STYLE = Automatic;
				CURRENT_PROJECT_VERSION = 1;
				ENABLE_PREVIEWS = YES;
				GENERATE_INFOPLIST_FILE = YES;
				INFOPLIST_KEY_UIApplicationSceneManifest_Generation = YES;
				INFOPLIST_KEY_UIApplicationSupportsIndirectInputEvents = YES;
				INFOPLIST_KEY_UILaunchScreen_Generation = YES;
				INFOPLIST_KEY_UISupportedInterfaceOrientations_iPad = "UIInterfaceOrientationPortrait UIInterfaceOrientationPortraitUpsideDown UIInterfaceOrientationLandscapeLeft UIInterfaceOrientationLandscapeRight";
				INFOPLIST_KEY_UISupportedInterfaceOrientations_iPhone = "UIInterfaceOrientationPortrait UIInterfaceOrientationLandscapeLeft UIInterfaceOrientationLandscapeRight";
				LD_RUNPATH_SEARCH_PATHS = (
					"$(inherited)",
					"@executable_path/Frameworks",
				);
				MARKETING_VERSION = 1.0;
				PRODUCT_BUNDLE_IDENTIFIER = "hacks.vibe-video";
				PRODUCT_NAME = "$(TARGET_NAME)";
				SWIFT_EMIT_LOC_STRINGS = YES;
				SWIFT_VERSION = 5.0;
				TARGETED_DEVICE_FAMILY = "1,2";
			};
			name = Debug;
		};
		5C9CD0512E29418B003DC6B3 /* Release */ = {
			isa = XCBuildConfiguration;
			buildSettings = {
				ASSETCATALOG_COMPILER_APPICON_NAME = AppIcon;
				ASSETCATALOG_COMPILER_GLOBAL_ACCENT_COLOR_NAME = AccentColor;
				CODE_SIGN_STYLE = Automatic;
				CURRENT_PROJECT_VERSION = 1;
				ENABLE_PREVIEWS = YES;
				GENERATE_INFOPLIST_FILE = YES;
				INFOPLIST_KEY_UIApplicationSceneManifest_Generation = YES;
				INFOPLIST_KEY_UIApplicationSupportsIndirectInputEvents = YES;
				INFOPLIST_KEY_UILaunchScreen_Generation = YES;
				INFOPLIST_KEY_UISupportedInterfaceOrientations_iPad = "UIInterfaceOrientationPortrait UIInterfaceOrientationPortraitUpsideDown UIInterfaceOrientationLandscapeLeft UIInterfaceOrientationLandscapeRight";
				INFOPLIST_KEY_UISupportedInterfaceOrientations_iPhone = "UIInterfaceOrientationPortrait UIInterfaceOrientationLandscapeLeft UIInterfaceOrientationLandscapeRight";
				LD_RUNPATH_SEARCH_PATHS = (
					"$(inherited)",
					"@executable_path/Frameworks",
				);
				MARKETING_VERSION = 1.0;
				PRODUCT_BUNDLE_IDENTIFIER = "hacks.vibe-video";
				PRODUCT_NAME = "$(TARGET_NAME)";
				SWIFT_EMIT_LOC_STRINGS = YES;
				SWIFT_VERSION = 5.0;
				TARGETED_DEVICE_FAMILY = "1,2";
			};
			name = Release;
		};
		5C9CD0532E29418B003DC6B3 /* Debug */ = {
			isa = XCBuildConfiguration;
			buildSettings = {
				BUNDLE_LOADER = "$(TEST_HOST)";
				CODE_SIGN_STYLE = Automatic;
				CURRENT_PROJECT_VERSION = 1;
				GENERATE_INFOPLIST_FILE = YES;
				IPHONEOS_DEPLOYMENT_TARGET = 18.5;
				MARKETING_VERSION = 1.0;
				PRODUCT_BUNDLE_IDENTIFIER = "hacks.vibe-videoTests";
				PRODUCT_NAME = "$(TARGET_NAME)";
				SWIFT_EMIT_LOC_STRINGS = NO;
				SWIFT_VERSION = 5.0;
				TARGETED_DEVICE_FAMILY = "1,2";
				TEST_HOST = "$(BUILT_PRODUCTS_DIR)/vibe-video.app/$(BUNDLE_EXECUTABLE_FOLDER_PATH)/vibe-video";
			};
			name = Debug;
		};
		5C9CD0542E29418B003DC6B3 /* Release */ = {
			isa = XCBuildConfiguration;
			buildSettings = {
				BUNDLE_LOADER = "$(TEST_HOST)";
				CODE_SIGN_STYLE = Automatic;
				CURRENT_PROJECT_VERSION = 1;
				GENERATE_INFOPLIST_FILE = YES;
				IPHONEOS_DEPLOYMENT_TARGET = 18.5;
				MARKETING_VERSION = 1.0;
				PRODUCT_BUNDLE_IDENTIFIER = "hacks.vibe-videoTests";
				PRODUCT_NAME = "$(TARGET_NAME)";
				SWIFT_EMIT_LOC_STRINGS = NO;
				SWIFT_VERSION = 5.0;
				TARGETED_DEVICE_FAMILY = "1,2";
				TEST_HOST = "$(BUILT_PRODUCTS_DIR)/vibe-video.app/$(BUNDLE_EXECUTABLE_FOLDER_PATH)/vibe-video";
			};
			name = Release;
		};
		5C9CD0562E29418B003DC6B3 /* Debug */ = {
			isa = XCBuildConfiguration;
			buildSettings = {
				CODE_SIGN_STYLE = Automatic;
				CURRENT_PROJECT_VERSION = 1;
				GENERATE_INFOPLIST_FILE = YES;
				MARKETING_VERSION = 1.0;
				PRODUCT_BUNDLE_IDENTIFIER = "hacks.vibe-videoUITests";
				PRODUCT_NAME = "$(TARGET_NAME)";
				SWIFT_EMIT_LOC_STRINGS = NO;
				SWIFT_VERSION = 5.0;
				TARGETED_DEVICE_FAMILY = "1,2";
				TEST_TARGET_NAME = "vibe-video";
			};
			name = Debug;
		};
		5C9CD0572E29418B003DC6B3 /* Release */ = {
			isa = XCBuildConfiguration;
			buildSettings = {
				CODE_SIGN_STYLE = Automatic;
				CURRENT_PROJECT_VERSION = 1;
				GENERATE_INFOPLIST_FILE = YES;
				MARKETING_VERSION = 1.0;
				PRODUCT_BUNDLE_IDENTIFIER = "hacks.vibe-videoUITests";
				PRODUCT_NAME = "$(TARGET_NAME)";
				SWIFT_EMIT_LOC_STRINGS = NO;
				SWIFT_VERSION = 5.0;
				TARGETED_DEVICE_FAMILY = "1,2";
				TEST_TARGET_NAME = "vibe-video";
			};
			name = Release;
		};
/* End XCBuildConfiguration section */

/* Begin XCConfigurationList section */
		5C9CD0292E294188003DC6B3 /* Build configuration list for PBXProject "vibe-video" */ = {
			isa = XCConfigurationList;
			buildConfigurations = (
				5C9CD04D2E29418B003DC6B3 /* Debug */,
				5C9CD04E2E29418B003DC6B3 /* Release */,
			);
			defaultConfigurationIsVisible = 0;
			defaultConfigurationName = Release;
		};
		5C9CD04F2E29418B003DC6B3 /* Build configuration list for PBXNativeTarget "vibe-video" */ = {
			isa = XCConfigurationList;
			buildConfigurations = (
				5C9CD0502E29418B003DC6B3 /* Debug */,
				5C9CD0512E29418B003DC6B3 /* Release */,
			);
			defaultConfigurationIsVisible = 0;
			defaultConfigurationName = Release;
		};
		5C9CD0522E29418B003DC6B3 /* Build configuration list for PBXNativeTarget "vibe-videoTests" */ = {
			isa = XCConfigurationList;
			buildConfigurations = (
				5C9CD0532E29418B003DC6B3 /* Debug */,
				5C9CD0542E29418B003DC6B3 /* Release */,
			);
			defaultConfigurationIsVisible = 0;
			defaultConfigurationName = Release;
		};
		5C9CD0552E29418B003DC6B3 /* Build configuration list for PBXNativeTarget "vibe-videoUITests" */ = {
			isa = XCConfigurationList;
			buildConfigurations = (
				5C9CD0562E29418B003DC6B3 /* Debug */,
				5C9CD0572E29418B003DC6B3 /* Release */,
			);
			defaultConfigurationIsVisible = 0;
			defaultConfigurationName = Release;
		};
/* End XCConfigurationList section */
	};
	rootObject = 5C9CD0262E294188003DC6B3 /* Project object */;
}
